
Microsoft Visual Studio Solution File, Format Version 12.00
# Visual Studio Version 16
VisualStudioVersion = 16.0.29424.173
MinimumVisualStudioVersion = 10.0.40219.1
Project("{FAE04EC0-301F-11D3-BF4B-00C04F79EFBC}") = "PGM.GUI", "PGM.GUI\PGM.GUI.csproj", "{7D105F65-E458-488E-B84C-EB879031BFDC}"
EndProject
Project("{FAE04EC0-301F-11D3-BF4B-00C04F79EFBC}") = "PGM.Service", "PGM.Service\PGM.Service.csproj", "{28367169-AA72-4AB2-AF7A-084F4BD8B41E}"
EndProject
Project("{FAE04EC0-301F-11D3-BF4B-00C04F79EFBC}") = "PGM.Model", "PGM.Model\PGM.Model.csproj", "{3C0058B8-DC35-4AA7-876D-FA481E90E879}"
EndProject
Global
	GlobalSection(SolutionConfigurationPlatforms) = preSolution
		Debug|Any CPU = Debug|Any CPU
		Release|Any CPU = Release|Any CPU
	EndGlobalSection
	GlobalSection(ProjectConfigurationPlatforms) = postSolution
		{7D105F65-E458-488E-B84C-EB879031BFDC}.Debug|Any CPU.ActiveCfg = Debug|Any CPU
		{7D105F65-E458-488E-B84C-EB879031BFDC}.Debug|Any CPU.Build.0 = Debug|Any CPU
		{7D105F65-E458-488E-B84C-EB879031BFDC}.Release|Any CPU.ActiveCfg = Release|Any CPU
		{7D105F65-E458-488E-B84C-EB879031BFDC}.Release|Any CPU.Build.0 = Release|Any CPU
		{28367169-AA72-4AB2-AF7A-084F4BD8B41E}.Debug|Any CPU.ActiveCfg = Debug|Any CPU
		{28367169-AA72-4AB2-AF7A-084F4BD8B41E}.Debug|Any CPU.Build.0 = Debug|Any CPU
		{28367169-AA72-4AB2-AF7A-084F4BD8B41E}.Release|Any CPU.ActiveCfg = Release|Any CPU
		{28367169-AA72-4AB2-AF7A-084F4BD8B41E}.Release|Any CPU.Build.0 = Release|Any CPU
		{3C0058B8-DC35-4AA7-876D-FA481E90E879}.Debug|Any CPU.ActiveCfg = Debug|Any CPU
		{3C0058B8-DC35-4AA7-876D-FA481E90E879}.Debug|Any CPU.Build.0 = Debug|Any CPU
		{3C0058B8-DC35-4AA7-876D-FA481E90E879}.Release|Any CPU.ActiveCfg = Release|Any CPU
		{3C0058B8-DC35-4AA7-876D-FA481E90E879}.Release|Any CPU.Build.0 = Release|Any CPU
	EndGlobalSection
	GlobalSection(SolutionProperties) = preSolution
		HideSolutionNode = FALSE
	EndGlobalSection
	GlobalSection(ExtensibilityGlobals) = postSolution
		SolutionGuid = {090B820A-61FB-46AF-96A8-75309C2643F4}
	EndGlobalSection
EndGlobal
