
Microsoft Visual Studio Solution File, Format Version 12.00
# Visual Studio Version 16
VisualStudioVersion = 16.0.29424.173
MinimumVisualStudioVersion = 10.0.40219.1
Project("{9A19103F-16F7-4668-BE54-9A1E7A4F7556}") = "PGM.GUI", "PGM.GUI\PGM.GUI.csproj", "{969CDEBE-FD3A-411E-BF0E-3071C5BCFE0D}"
EndProject
Project("{9A19103F-16F7-4668-BE54-9A1E7A4F7556}") = "PGM.Lib", "PGM.Lib\PGM.Lib.csproj", "{281C6789-37E1-46A9-B6C4-083CD173D5B9}"
EndProject
Global
	GlobalSection(SolutionConfigurationPlatforms) = preSolution
		Debug|Any CPU = Debug|Any CPU
		Release|Any CPU = Release|Any CPU
	EndGlobalSection
	GlobalSection(ProjectConfigurationPlatforms) = postSolution
		{969CDEBE-FD3A-411E-BF0E-3071C5BCFE0D}.Debug|Any CPU.ActiveCfg = Debug|Any CPU
		{969CDEBE-FD3A-411E-BF0E-3071C5BCFE0D}.Debug|Any CPU.Build.0 = Debug|Any CPU
		{969CDEBE-FD3A-411E-BF0E-3071C5BCFE0D}.Release|Any CPU.ActiveCfg = Release|Any CPU
		{969CDEBE-FD3A-411E-BF0E-3071C5BCFE0D}.Release|Any CPU.Build.0 = Release|Any CPU
		{281C6789-37E1-46A9-B6C4-083CD173D5B9}.Debug|Any CPU.ActiveCfg = Debug|Any CPU
		{281C6789-37E1-46A9-B6C4-083CD173D5B9}.Debug|Any CPU.Build.0 = Debug|Any CPU
		{281C6789-37E1-46A9-B6C4-083CD173D5B9}.Release|Any CPU.ActiveCfg = Release|Any CPU
		{281C6789-37E1-46A9-B6C4-083CD173D5B9}.Release|Any CPU.Build.0 = Release|Any CPU
	EndGlobalSection
	GlobalSection(SolutionProperties) = preSolution
		HideSolutionNode = FALSE
	EndGlobalSection
	GlobalSection(ExtensibilityGlobals) = postSolution
		SolutionGuid = {090B820A-61FB-46AF-96A8-75309C2643F4}
	EndGlobalSection
EndGlobal
