
Microsoft Visual Studio Solution File, Format Version 12.00
# Visual Studio Version 16
VisualStudioVersion = 16.0.29424.173
MinimumVisualStudioVersion = 10.0.40219.1
Project("{FAE04EC0-301F-11D3-BF4B-00C04F79EFBC}") = "PGM.GUI", "PGM.GUI\PGM.GUI.csproj", "{7D105F65-E458-488E-B84C-EB879031BFDC}"
EndProject
Project("{FAE04EC0-301F-11D3-BF4B-00C04F79EFBC}") = "PGM.Service", "PGM.Service\PGM.Service.csproj", "{28367169-AA72-4AB2-AF7A-084F4BD8B41E}"
EndProject
Project("{FAE04EC0-301F-11D3-BF4B-00C04F79EFBC}") = "PGM.Model", "PGM.Model\PGM.Model.csproj", "{3C0058B8-DC35-4AA7-876D-FA481E90E879}"
EndProject
Project("{2150E333-8FDC-42A3-9474-1A3956D46DE8}") = "Solution Items", "Solution Items", "{7D5362F0-B164-4CD2-A55A-BBD46062902E}"
	ProjectSection(SolutionItems) = preProject
		.gitlab-ci.yml = .gitlab-ci.yml
		build.cake = build.cake
		build.ps1 = build.ps1
	EndProjectSection
EndProject
Project("{FAE04EC0-301F-11D3-BF4B-00C04F79EFBC}") = "PGM.Provider.Git", "PGM.Provider.Git\PGM.Provider.Git.csproj", "{07E76E4B-8EA0-4CF9-9B5C-E0F925316951}"
EndProject
Project("{FAE04EC0-301F-11D3-BF4B-00C04F79EFBC}") = "PGM.Provider.Gitlab", "PGM.Provider.Gitlab\PGM.Provider.Gitlab.csproj", "{03DA5A26-22CE-4952-A220-6F07B872498D}"
EndProject
Project("{FAE04EC0-301F-11D3-BF4B-00C04F79EFBC}") = "PGM.Provider.Common", "PGM.Provider.Common\PGM.Provider.Common.csproj", "{A0023628-5A56-42EF-A52C-B7A2FE611141}"
EndProject
Project("{FAE04EC0-301F-11D3-BF4B-00C04F79EFBC}") = "PGM.Http.Requestor", "PGM.Http.Requestor\PGM.Http.Requestor.csproj", "{7A825375-2737-4FFA-99B3-4A490B2579CB}"
EndProject
Project("{FAE04EC0-301F-11D3-BF4B-00C04F79EFBC}") = "PGM.Utility", "PGM.Utility\PGM.Utility.csproj", "{30988E1C-A150-441B-B187-F6EAAD3EB838}"
EndProject
Global
	GlobalSection(SolutionConfigurationPlatforms) = preSolution
		Debug|Any CPU = Debug|Any CPU
		Release|Any CPU = Release|Any CPU
	EndGlobalSection
	GlobalSection(ProjectConfigurationPlatforms) = postSolution
		{7D105F65-E458-488E-B84C-EB879031BFDC}.Debug|Any CPU.ActiveCfg = Debug|Any CPU
		{7D105F65-E458-488E-B84C-EB879031BFDC}.Debug|Any CPU.Build.0 = Debug|Any CPU
		{7D105F65-E458-488E-B84C-EB879031BFDC}.Release|Any CPU.ActiveCfg = Release|Any CPU
		{7D105F65-E458-488E-B84C-EB879031BFDC}.Release|Any CPU.Build.0 = Release|Any CPU
		{28367169-AA72-4AB2-AF7A-084F4BD8B41E}.Debug|Any CPU.ActiveCfg = Debug|Any CPU
		{28367169-AA72-4AB2-AF7A-084F4BD8B41E}.Debug|Any CPU.Build.0 = Debug|Any CPU
		{28367169-AA72-4AB2-AF7A-084F4BD8B41E}.Release|Any CPU.ActiveCfg = Release|Any CPU
		{28367169-AA72-4AB2-AF7A-084F4BD8B41E}.Release|Any CPU.Build.0 = Release|Any CPU
		{3C0058B8-DC35-4AA7-876D-FA481E90E879}.Debug|Any CPU.ActiveCfg = Debug|Any CPU
		{3C0058B8-DC35-4AA7-876D-FA481E90E879}.Debug|Any CPU.Build.0 = Debug|Any CPU
		{3C0058B8-DC35-4AA7-876D-FA481E90E879}.Release|Any CPU.ActiveCfg = Release|Any CPU
		{3C0058B8-DC35-4AA7-876D-FA481E90E879}.Release|Any CPU.Build.0 = Release|Any CPU
		{07E76E4B-8EA0-4CF9-9B5C-E0F925316951}.Debug|Any CPU.ActiveCfg = Debug|Any CPU
		{07E76E4B-8EA0-4CF9-9B5C-E0F925316951}.Debug|Any CPU.Build.0 = Debug|Any CPU
		{07E76E4B-8EA0-4CF9-9B5C-E0F925316951}.Release|Any CPU.ActiveCfg = Release|Any CPU
		{07E76E4B-8EA0-4CF9-9B5C-E0F925316951}.Release|Any CPU.Build.0 = Release|Any CPU
		{03DA5A26-22CE-4952-A220-6F07B872498D}.Debug|Any CPU.ActiveCfg = Debug|Any CPU
		{03DA5A26-22CE-4952-A220-6F07B872498D}.Debug|Any CPU.Build.0 = Debug|Any CPU
		{03DA5A26-22CE-4952-A220-6F07B872498D}.Release|Any CPU.ActiveCfg = Release|Any CPU
		{03DA5A26-22CE-4952-A220-6F07B872498D}.Release|Any CPU.Build.0 = Release|Any CPU
		{A0023628-5A56-42EF-A52C-B7A2FE611141}.Debug|Any CPU.ActiveCfg = Debug|Any CPU
		{A0023628-5A56-42EF-A52C-B7A2FE611141}.Debug|Any CPU.Build.0 = Debug|Any CPU
		{A0023628-5A56-42EF-A52C-B7A2FE611141}.Release|Any CPU.ActiveCfg = Release|Any CPU
		{A0023628-5A56-42EF-A52C-B7A2FE611141}.Release|Any CPU.Build.0 = Release|Any CPU
		{7A825375-2737-4FFA-99B3-4A490B2579CB}.Debug|Any CPU.ActiveCfg = Debug|Any CPU
		{7A825375-2737-4FFA-99B3-4A490B2579CB}.Debug|Any CPU.Build.0 = Debug|Any CPU
		{7A825375-2737-4FFA-99B3-4A490B2579CB}.Release|Any CPU.ActiveCfg = Release|Any CPU
		{7A825375-2737-4FFA-99B3-4A490B2579CB}.Release|Any CPU.Build.0 = Release|Any CPU
		{30988E1C-A150-441B-B187-F6EAAD3EB838}.Debug|Any CPU.ActiveCfg = Debug|Any CPU
		{30988E1C-A150-441B-B187-F6EAAD3EB838}.Debug|Any CPU.Build.0 = Debug|Any CPU
		{30988E1C-A150-441B-B187-F6EAAD3EB838}.Release|Any CPU.ActiveCfg = Release|Any CPU
		{30988E1C-A150-441B-B187-F6EAAD3EB838}.Release|Any CPU.Build.0 = Release|Any CPU
	EndGlobalSection
	GlobalSection(SolutionProperties) = preSolution
		HideSolutionNode = FALSE
	EndGlobalSection
	GlobalSection(ExtensibilityGlobals) = postSolution
		SolutionGuid = {090B820A-61FB-46AF-96A8-75309C2643F4}
	EndGlobalSection
EndGlobal
